// !$*UTF8*$!
{
	archiveVersion = 1;
	classes = {
	};
	objectVersion = 50;
	objects = {

/* Begin PBXBuildFile section */
		E52D671724E44A5400B6CDEA /* AppDelegate.swift in Sources */ = {isa = PBXBuildFile; fileRef = E52D671624E44A5400B6CDEA /* AppDelegate.swift */; };
		E52D671924E44A5400B6CDEA /* SceneDelegate.swift in Sources */ = {isa = PBXBuildFile; fileRef = E52D671824E44A5400B6CDEA /* SceneDelegate.swift */; };
		E52D671E24E44A5400B6CDEA /* Main.storyboard in Resources */ = {isa = PBXBuildFile; fileRef = E52D671C24E44A5400B6CDEA /* Main.storyboard */; };
		E52D672024E44A5500B6CDEA /* Assets.xcassets in Resources */ = {isa = PBXBuildFile; fileRef = E52D671F24E44A5500B6CDEA /* Assets.xcassets */; };
		E52D672324E44A5500B6CDEA /* LaunchScreen.storyboard in Resources */ = {isa = PBXBuildFile; fileRef = E52D672124E44A5500B6CDEA /* LaunchScreen.storyboard */; };
		E52D672B24E44B0300B6CDEA /* PhotosCollectionViewController.swift in Sources */ = {isa = PBXBuildFile; fileRef = E52D672A24E44B0300B6CDEA /* PhotosCollectionViewController.swift */; };
		E5998179264E5733001447F7 /* Screenshot01.png in Resources */ = {isa = PBXBuildFile; fileRef = E5998177264E5733001447F7 /* Screenshot01.png */; };
		E599817A264E5733001447F7 /* Screenshot02.png in Resources */ = {isa = PBXBuildFile; fileRef = E5998178264E5733001447F7 /* Screenshot02.png */; };
		E599817D264E5840001447F7 /* README.md in Resources */ = {isa = PBXBuildFile; fileRef = E599817C264E5840001447F7 /* README.md */; };
		E5DE199C24E71A1B00DC1BF6 /* PhotoCell.swift in Sources */ = {isa = PBXBuildFile; fileRef = E5DE199B24E71A1B00DC1BF6 /* PhotoCell.swift */; };
		E5DE199E24E72F6000DC1BF6 /* PhotoViewController.swift in Sources */ = {isa = PBXBuildFile; fileRef = E5DE199D24E72F6000DC1BF6 /* PhotoViewController.swift */; };
/* End PBXBuildFile section */

/* Begin PBXFileReference section */
		E52D671324E44A5400B6CDEA /* PhotoTapps.app */ = {isa = PBXFileReference; explicitFileType = wrapper.application; includeInIndex = 0; path = PhotoTapps.app; sourceTree = BUILT_PRODUCTS_DIR; };
		E52D671624E44A5400B6CDEA /* AppDelegate.swift */ = {isa = PBXFileReference; lastKnownFileType = sourcecode.swift; path = AppDelegate.swift; sourceTree = "<group>"; };
		E52D671824E44A5400B6CDEA /* SceneDelegate.swift */ = {isa = PBXFileReference; lastKnownFileType = sourcecode.swift; path = SceneDelegate.swift; sourceTree = "<group>"; };
		E52D671D24E44A5400B6CDEA /* Base */ = {isa = PBXFileReference; lastKnownFileType = file.storyboard; name = Base; path = Base.lproj/Main.storyboard; sourceTree = "<group>"; };
		E52D671F24E44A5500B6CDEA /* Assets.xcassets */ = {isa = PBXFileReference; lastKnownFileType = folder.assetcatalog; path = Assets.xcassets; sourceTree = "<group>"; };
		E52D672224E44A5500B6CDEA /* Base */ = {isa = PBXFileReference; lastKnownFileType = file.storyboard; name = Base; path = Base.lproj/LaunchScreen.storyboard; sourceTree = "<group>"; };
		E52D672424E44A5500B6CDEA /* Info.plist */ = {isa = PBXFileReference; lastKnownFileType = text.plist.xml; path = Info.plist; sourceTree = "<group>"; };
		E52D672A24E44B0300B6CDEA /* PhotosCollectionViewController.swift */ = {isa = PBXFileReference; lastKnownFileType = sourcecode.swift; path = PhotosCollectionViewController.swift; sourceTree = "<group>"; };
		E5998177264E5733001447F7 /* Screenshot01.png */ = {isa = PBXFileReference; lastKnownFileType = image.png; path = Screenshot01.png; sourceTree = "<group>"; };
		E5998178264E5733001447F7 /* Screenshot02.png */ = {isa = PBXFileReference; lastKnownFileType = image.png; path = Screenshot02.png; sourceTree = "<group>"; };
		E599817C264E5840001447F7 /* README.md */ = {isa = PBXFileReference; fileEncoding = 4; lastKnownFileType = net.daringfireball.markdown; path = README.md; sourceTree = SOURCE_ROOT; };
		E5DE199B24E71A1B00DC1BF6 /* PhotoCell.swift */ = {isa = PBXFileReference; lastKnownFileType = sourcecode.swift; path = PhotoCell.swift; sourceTree = "<group>"; };
		E5DE199D24E72F6000DC1BF6 /* PhotoViewController.swift */ = {isa = PBXFileReference; lastKnownFileType = sourcecode.swift; path = PhotoViewController.swift; sourceTree = "<group>"; };
/* End PBXFileReference section */

/* Begin PBXFrameworksBuildPhase section */
		E52D671024E44A5400B6CDEA /* Frameworks */ = {
			isa = PBXFrameworksBuildPhase;
			buildActionMask = 2147483647;
			files = (
			);
			runOnlyForDeploymentPostprocessing = 0;
		};
/* End PBXFrameworksBuildPhase section */

/* Begin PBXGroup section */
		E52D670A24E44A5400B6CDEA = {
			isa = PBXGroup;
			children = (
				E52D671524E44A5400B6CDEA /* PhotoTapps */,
				E52D671424E44A5400B6CDEA /* Products */,
			);
			sourceTree = "<group>";
		};
		E52D671424E44A5400B6CDEA /* Products */ = {
			isa = PBXGroup;
			children = (
				E52D671324E44A5400B6CDEA /* PhotoTapps.app */,
			);
			name = Products;
			sourceTree = "<group>";
		};
		E52D671524E44A5400B6CDEA /* PhotoTapps */ = {
			isa = PBXGroup;
			children = (
				E5998176264E5608001447F7 /* Screenshots */,
				E52D671624E44A5400B6CDEA /* AppDelegate.swift */,
				E52D671824E44A5400B6CDEA /* SceneDelegate.swift */,
				E52D671C24E44A5400B6CDEA /* Main.storyboard */,
				E5DE199D24E72F6000DC1BF6 /* PhotoViewController.swift */,
				E52D672A24E44B0300B6CDEA /* PhotosCollectionViewController.swift */,
				E5DE199B24E71A1B00DC1BF6 /* PhotoCell.swift */,
				E52D671F24E44A5500B6CDEA /* Assets.xcassets */,
				E52D672124E44A5500B6CDEA /* LaunchScreen.storyboard */,
				E52D672424E44A5500B6CDEA /* Info.plist */,
				E599817C264E5840001447F7 /* README.md */,
			);
			path = PhotoTapps;
			sourceTree = "<group>";
		};
		E5998176264E5608001447F7 /* Screenshots */ = {
			isa = PBXGroup;
			children = (
				E5998177264E5733001447F7 /* Screenshot01.png */,
				E5998178264E5733001447F7 /* Screenshot02.png */,
			);
			path = Screenshots;
			sourceTree = "<group>";
		};
/* End PBXGroup section */

/* Begin PBXNativeTarget section */
		E52D671224E44A5400B6CDEA /* PhotoTapps */ = {
			isa = PBXNativeTarget;
			buildConfigurationList = E52D672724E44A5500B6CDEA /* Build configuration list for PBXNativeTarget "PhotoTapps" */;
			buildPhases = (
				E52D670F24E44A5400B6CDEA /* Sources */,
				E52D671024E44A5400B6CDEA /* Frameworks */,
				E52D671124E44A5400B6CDEA /* Resources */,
			);
			buildRules = (
			);
			dependencies = (
			);
			name = PhotoTapps;
			productName = PhotoTapps;
			productReference = E52D671324E44A5400B6CDEA /* PhotoTapps.app */;
			productType = "com.apple.product-type.application";
		};
/* End PBXNativeTarget section */

/* Begin PBXProject section */
		E52D670B24E44A5400B6CDEA /* Project object */ = {
			isa = PBXProject;
			attributes = {
				LastSwiftUpdateCheck = 1150;
				LastUpgradeCheck = 1240;
				ORGANIZATIONNAME = "Nikita Kochetov";
				TargetAttributes = {
					E52D671224E44A5400B6CDEA = {
						CreatedOnToolsVersion = 11.5;
					};
				};
			};
			buildConfigurationList = E52D670E24E44A5400B6CDEA /* Build configuration list for PBXProject "PhotoTapps" */;
			compatibilityVersion = "Xcode 9.3";
			developmentRegion = en;
			hasScannedForEncodings = 0;
			knownRegions = (
				en,
				Base,
			);
			mainGroup = E52D670A24E44A5400B6CDEA;
			productRefGroup = E52D671424E44A5400B6CDEA /* Products */;
			projectDirPath = "";
			projectRoot = "";
			targets = (
				E52D671224E44A5400B6CDEA /* PhotoTapps */,
			);
		};
/* End PBXProject section */

/* Begin PBXResourcesBuildPhase section */
		E52D671124E44A5400B6CDEA /* Resources */ = {
			isa = PBXResourcesBuildPhase;
			buildActionMask = 2147483647;
			files = (
				E599817D264E5840001447F7 /* README.md in Resources */,
				E52D672324E44A5500B6CDEA /* LaunchScreen.storyboard in Resources */,
				E52D672024E44A5500B6CDEA /* Assets.xcassets in Resources */,
				E5998179264E5733001447F7 /* Screenshot01.png in Resources */,
				E599817A264E5733001447F7 /* Screenshot02.png in Resources */,
				E52D671E24E44A5400B6CDEA /* Main.storyboard in Resources */,
			);
			runOnlyForDeploymentPostprocessing = 0;
		};
/* End PBXResourcesBuildPhase section */

/* Begin PBXSourcesBuildPhase section */
		E52D670F24E44A5400B6CDEA /* Sources */ = {
			isa = PBXSourcesBuildPhase;
			buildActionMask = 2147483647;
			files = (
				E5DE199C24E71A1B00DC1BF6 /* PhotoCell.swift in Sources */,
				E52D671724E44A5400B6CDEA /* AppDelegate.swift in Sources */,
				E52D671924E44A5400B6CDEA /* SceneDelegate.swift in Sources */,
				E52D672B24E44B0300B6CDEA /* PhotosCollectionViewController.swift in Sources */,
				E5DE199E24E72F6000DC1BF6 /* PhotoViewController.swift in Sources */,
			);
			runOnlyForDeploymentPostprocessing = 0;
		};
/* End PBXSourcesBuildPhase section */

/* Begin PBXVariantGroup section */
		E52D671C24E44A5400B6CDEA /* Main.storyboard */ = {
			isa = PBXVariantGroup;
			children = (
				E52D671D24E44A5400B6CDEA /* Base */,
			);
			name = Main.storyboard;
			sourceTree = "<group>";
		};
		E52D672124E44A5500B6CDEA /* LaunchScreen.storyboard */ = {
			isa = PBXVariantGroup;
			children = (
				E52D672224E44A5500B6CDEA /* Base */,
			);
			name = LaunchScreen.storyboard;
			sourceTree = "<group>";
		};
/* End PBXVariantGroup section */

/* Begin XCBuildConfiguration section */
		E52D672524E44A5500B6CDEA /* Debug */ = {
			isa = XCBuildConfiguration;
			buildSettings = {
				ALWAYS_SEARCH_USER_PATHS = NO;
				CLANG_ANALYZER_NONNULL = YES;
				CLANG_ANALYZER_NUMBER_OBJECT_CONVERSION = YES_AGGRESSIVE;
				CLANG_CXX_LANGUAGE_STANDARD = "gnu++14";
				CLANG_CXX_LIBRARY = "libc++";
				CLANG_ENABLE_MODULES = YES;
				CLANG_ENABLE_OBJC_ARC = YES;
				CLANG_ENABLE_OBJC_WEAK = YES;
				CLANG_WARN_BLOCK_CAPTURE_AUTORELEASING = YES;
				CLANG_WARN_BOOL_CONVERSION = YES;
				CLANG_WARN_COMMA = YES;
				CLANG_WARN_CONSTANT_CONVERSION = YES;
				CLANG_WARN_DEPRECATED_OBJC_IMPLEMENTATIONS = YES;
				CLANG_WARN_DIRECT_OBJC_ISA_USAGE = YES_ERROR;
				CLANG_WARN_DOCUMENTATION_COMMENTS = YES;
				CLANG_WARN_EMPTY_BODY = YES;
				CLANG_WARN_ENUM_CONVERSION = YES;
				CLANG_WARN_INFINITE_RECURSION = YES;
				CLANG_WARN_INT_CONVERSION = YES;
				CLANG_WARN_NON_LITERAL_NULL_CONVERSION = YES;
				CLANG_WARN_OBJC_IMPLICIT_RETAIN_SELF = YES;
				CLANG_WARN_OBJC_LITERAL_CONVERSION = YES;
				CLANG_WARN_OBJC_ROOT_CLASS = YES_ERROR;
				CLANG_WARN_QUOTED_INCLUDE_IN_FRAMEWORK_HEADER = YES;
				CLANG_WARN_RANGE_LOOP_ANALYSIS = YES;
				CLANG_WARN_STRICT_PROTOTYPES = YES;
				CLANG_WARN_SUSPICIOUS_MOVE = YES;
				CLANG_WARN_UNGUARDED_AVAILABILITY = YES_AGGRESSIVE;
				CLANG_WARN_UNREACHABLE_CODE = YES;
				CLANG_WARN__DUPLICATE_METHOD_MATCH = YES;
				COPY_PHASE_STRIP = NO;
				DEBUG_INFORMATION_FORMAT = dwarf;
				ENABLE_STRICT_OBJC_MSGSEND = YES;
				ENABLE_TESTABILITY = YES;
				GCC_C_LANGUAGE_STANDARD = gnu11;
				GCC_DYNAMIC_NO_PIC = NO;
				GCC_NO_COMMON_BLOCKS = YES;
				GCC_OPTIMIZATION_LEVEL = 0;
				GCC_PREPROCESSOR_DEFINITIONS = (
					"DEBUG=1",
					"$(inherited)",
				);
				GCC_WARN_64_TO_32_BIT_CONVERSION = YES;
				GCC_WARN_ABOUT_RETURN_TYPE = YES_ERROR;
				GCC_WARN_UNDECLARED_SELECTOR = YES;
				GCC_WARN_UNINITIALIZED_AUTOS = YES_AGGRESSIVE;
				GCC_WARN_UNUSED_FUNCTION = YES;
				GCC_WARN_UNUSED_VARIABLE = YES;
				IPHONEOS_DEPLOYMENT_TARGET = 13.5;
				MTL_ENABLE_DEBUG_INFO = INCLUDE_SOURCE;
				MTL_FAST_MATH = YES;
				ONLY_ACTIVE_ARCH = YES;
				SDKROOT = iphoneos;
				SWIFT_ACTIVE_COMPILATION_CONDITIONS = DEBUG;
				SWIFT_OPTIMIZATION_LEVEL = "-Onone";
			};
			name = Debug;
		};
		E52D672624E44A5500B6CDEA /* Release */ = {
			isa = XCBuildConfiguration;
			buildSettings = {
				ALWAYS_SEARCH_USER_PATHS = NO;
				CLANG_ANALYZER_NONNULL = YES;
				CLANG_ANALYZER_NUMBER_OBJECT_CONVERSION = YES_AGGRESSIVE;
				CLANG_CXX_LANGUAGE_STANDARD = "gnu++14";
				CLANG_CXX_LIBRARY = "libc++";
				CLANG_ENABLE_MODULES = YES;
				CLANG_ENABLE_OBJC_ARC = YES;
				CLANG_ENABLE_OBJC_WEAK = YES;
				CLANG_WARN_BLOCK_CAPTURE_AUTORELEASING = YES;
				CLANG_WARN_BOOL_CONVERSION = YES;
				CLANG_WARN_COMMA = YES;
				CLANG_WARN_CONSTANT_CONVERSION = YES;
				CLANG_WARN_DEPRECATED_OBJC_IMPLEMENTATIONS = YES;
				CLANG_WARN_DIRECT_OBJC_ISA_USAGE = YES_ERROR;
				CLANG_WARN_DOCUMENTATION_COMMENTS = YES;
				CLANG_WARN_EMPTY_BODY = YES;
				CLANG_WARN_ENUM_CONVERSION = YES;
				CLANG_WARN_INFINITE_RECURSION = YES;
				CLANG_WARN_INT_CONVERSION = YES;
				CLANG_WARN_NON_LITERAL_NULL_CONVERSION = YES;
				CLANG_WARN_OBJC_IMPLICIT_RETAIN_SELF = YES;
				CLANG_WARN_OBJC_LITERAL_CONVERSION = YES;
				CLANG_WARN_OBJC_ROOT_CLASS = YES_ERROR;
				CLANG_WARN_QUOTED_INCLUDE_IN_FRAMEWORK_HEADER = YES;
				CLANG_WARN_RANGE_LOOP_ANALYSIS = YES;
				CLANG_WARN_STRICT_PROTOTYPES = YES;
				CLANG_WARN_SUSPICIOUS_MOVE = YES;
				CLANG_WARN_UNGUARDED_AVAILABILITY = YES_AGGRESSIVE;
				CLANG_WARN_UNREACHABLE_CODE = YES;
				CLANG_WARN__DUPLICATE_METHOD_MATCH = YES;
				COPY_PHASE_STRIP = NO;
				DEBUG_INFORMATION_FORMAT = "dwarf-with-dsym";
				ENABLE_NS_ASSERTIONS = NO;
				ENABLE_STRICT_OBJC_MSGSEND = YES;
				GCC_C_LANGUAGE_STANDARD = gnu11;
				GCC_NO_COMMON_BLOCKS = YES;
				GCC_WARN_64_TO_32_BIT_CONVERSION = YES;
				GCC_WARN_ABOUT_RETURN_TYPE = YES_ERROR;
				GCC_WARN_UNDECLARED_SELECTOR = YES;
				GCC_WARN_UNINITIALIZED_AUTOS = YES_AGGRESSIVE;
				GCC_WARN_UNUSED_FUNCTION = YES;
				GCC_WARN_UNUSED_VARIABLE = YES;
				IPHONEOS_DEPLOYMENT_TARGET = 13.5;
				MTL_ENABLE_DEBUG_INFO = NO;
				MTL_FAST_MATH = YES;
				SDKROOT = iphoneos;
				SWIFT_COMPILATION_MODE = wholemodule;
				SWIFT_OPTIMIZATION_LEVEL = "-O";
				VALIDATE_PRODUCT = YES;
			};
			name = Release;
		};
		E52D672824E44A5500B6CDEA /* Debug */ = {
			isa = XCBuildConfiguration;
			buildSettings = {
				ASSETCATALOG_COMPILER_APPICON_NAME = AppIcon;
				CODE_SIGN_STYLE = Automatic;
				DEVELOPMENT_TEAM = UZZW6YBBKN;
				INFOPLIST_FILE = PhotoTapps/Info.plist;
				LD_RUNPATH_SEARCH_PATHS = (
					"$(inherited)",
					"@executable_path/Frameworks",
				);
				PRODUCT_BUNDLE_IDENTIFIER = nikko.PhotoTapps;
				PRODUCT_NAME = "$(TARGET_NAME)";
				SWIFT_VERSION = 5.0;
				TARGETED_DEVICE_FAMILY = "1,2";
			};
			name = Debug;
		};
		E52D672924E44A5500B6CDEA /* Release */ = {
			isa = XCBuildConfiguration;
			buildSettings = {
				ASSETCATALOG_COMPILER_APPICON_NAME = AppIcon;
				CODE_SIGN_STYLE = Automatic;
				DEVELOPMENT_TEAM = UZZW6YBBKN;
				INFOPLIST_FILE = PhotoTapps/Info.plist;
				LD_RUNPATH_SEARCH_PATHS = (
					"$(inherited)",
					"@executable_path/Frameworks",
				);
				PRODUCT_BUNDLE_IDENTIFIER = nikko.PhotoTapps;
				PRODUCT_NAME = "$(TARGET_NAME)";
				SWIFT_VERSION = 5.0;
				TARGETED_DEVICE_FAMILY = "1,2";
			};
			name = Release;
		};
/* End XCBuildConfiguration section */

/* Begin XCConfigurationList section */
		E52D670E24E44A5400B6CDEA /* Build configuration list for PBXProject "PhotoTapps" */ = {
			isa = XCConfigurationList;
			buildConfigurations = (
				E52D672524E44A5500B6CDEA /* Debug */,
				E52D672624E44A5500B6CDEA /* Release */,
			);
			defaultConfigurationIsVisible = 0;
			defaultConfigurationName = Release;
		};
		E52D672724E44A5500B6CDEA /* Build configuration list for PBXNativeTarget "PhotoTapps" */ = {
			isa = XCConfigurationList;
			buildConfigurations = (
				E52D672824E44A5500B6CDEA /* Debug */,
				E52D672924E44A5500B6CDEA /* Release */,
			);
			defaultConfigurationIsVisible = 0;
			defaultConfigurationName = Release;
		};
/* End XCConfigurationList section */
	};
	rootObject = E52D670B24E44A5400B6CDEA /* Project object */;
}
